
Microsoft Visual Studio Solution File, Format Version 12.00
# Visual Studio Version 16
VisualStudioVersion = 16.0.30611.23
MinimumVisualStudioVersion = 10.0.40219.1
Project("{FAE04EC0-301F-11D3-BF4B-00C04F79EFBC}") = "IntegerDivision", "IntegerDivision\IntegerDivision.csproj", "{1632E0AB-6B4D-4AF4-83C9-99C33419DE65}"
EndProject
Global
	GlobalSection(SolutionConfigurationPlatforms) = preSolution
		Debug|Any CPU = Debug|Any CPU
		Release|Any CPU = Release|Any CPU
	EndGlobalSection
	GlobalSection(ProjectConfigurationPlatforms) = postSolution
		{1632E0AB-6B4D-4AF4-83C9-99C33419DE65}.Debug|Any CPU.ActiveCfg = Debug|Any CPU
		{1632E0AB-6B4D-4AF4-83C9-99C33419DE65}.Debug|Any CPU.Build.0 = Debug|Any CPU
		{1632E0AB-6B4D-4AF4-83C9-99C33419DE65}.Release|Any CPU.ActiveCfg = Release|Any CPU
		{1632E0AB-6B4D-4AF4-83C9-99C33419DE65}.Release|Any CPU.Build.0 = Release|Any CPU
	EndGlobalSection
	GlobalSection(SolutionProperties) = preSolution
		HideSolutionNode = FALSE
	EndGlobalSection
	GlobalSection(ExtensibilityGlobals) = postSolution
		SolutionGuid = {1681AAE0-3FCE-4324-A31D-9EC5DD302718}
	EndGlobalSection
EndGlobal
