
Microsoft Visual Studio Solution File, Format Version 12.00
# Visual Studio Version 16
VisualStudioVersion = 16.0.30517.126
MinimumVisualStudioVersion = 10.0.40219.1
Project("{FAE04EC0-301F-11D3-BF4B-00C04F79EFBC}") = "CountingLoop", "CountingLoop\CountingLoop.csproj", "{FB65FBFD-9464-4C7A-87E0-5509492CDE15}"
EndProject
Global
	GlobalSection(SolutionConfigurationPlatforms) = preSolution
		Debug|Any CPU = Debug|Any CPU
		Release|Any CPU = Release|Any CPU
	EndGlobalSection
	GlobalSection(ProjectConfigurationPlatforms) = postSolution
		{FB65FBFD-9464-4C7A-87E0-5509492CDE15}.Debug|Any CPU.ActiveCfg = Debug|Any CPU
		{FB65FBFD-9464-4C7A-87E0-5509492CDE15}.Debug|Any CPU.Build.0 = Debug|Any CPU
		{FB65FBFD-9464-4C7A-87E0-5509492CDE15}.Release|Any CPU.ActiveCfg = Release|Any CPU
		{FB65FBFD-9464-4C7A-87E0-5509492CDE15}.Release|Any CPU.Build.0 = Release|Any CPU
	EndGlobalSection
	GlobalSection(SolutionProperties) = preSolution
		HideSolutionNode = FALSE
	EndGlobalSection
	GlobalSection(ExtensibilityGlobals) = postSolution
		SolutionGuid = {0358C55E-3ADD-42C7-94E7-C1C93FD522E6}
	EndGlobalSection
EndGlobal
