
Microsoft Visual Studio Solution File, Format Version 12.00
# Visual Studio Version 16
VisualStudioVersion = 16.0.30517.126
MinimumVisualStudioVersion = 10.0.40219.1
Project("{FAE04EC0-301F-11D3-BF4B-00C04F79EFBC}") = "CalendarDemo", "CalendarDemo\CalendarDemo.csproj", "{3556D055-49AC-4A33-8379-ADD109CB6A17}"
EndProject
Global
	GlobalSection(SolutionConfigurationPlatforms) = preSolution
		Debug|Any CPU = Debug|Any CPU
		Release|Any CPU = Release|Any CPU
	EndGlobalSection
	GlobalSection(ProjectConfigurationPlatforms) = postSolution
		{3556D055-49AC-4A33-8379-ADD109CB6A17}.Debug|Any CPU.ActiveCfg = Debug|Any CPU
		{3556D055-49AC-4A33-8379-ADD109CB6A17}.Debug|Any CPU.Build.0 = Debug|Any CPU
		{3556D055-49AC-4A33-8379-ADD109CB6A17}.Release|Any CPU.ActiveCfg = Release|Any CPU
		{3556D055-49AC-4A33-8379-ADD109CB6A17}.Release|Any CPU.Build.0 = Release|Any CPU
	EndGlobalSection
	GlobalSection(SolutionProperties) = preSolution
		HideSolutionNode = FALSE
	EndGlobalSection
	GlobalSection(ExtensibilityGlobals) = postSolution
		SolutionGuid = {05AA7D0D-8E50-4865-BF7A-9438FE905369}
	EndGlobalSection
EndGlobal
